PODS:
  - SQLite.swift (0.11.6):
    - SQLite.swift/standard (= 0.11.6)
  - SQLite.swift/standard (0.11.6)
  - SwiftLint (0.34.0)
  - SwiftyBeaver (1.7.0)

DEPENDENCIES:
  - SQLite.swift (= 0.11.6)
  - SwiftLint
  - SwiftyBeaver

SPEC REPOS:
  https://github.com/cocoapods/specs.git:
    - SQLite.swift
    - SwiftLint
    - SwiftyBeaver

SPEC CHECKSUMS:
  SQLite.swift: 46d890be8601964454bd3392527f863d1b802d45
  SwiftLint: 79d48a17c6565dc286c37efb8322c7b450f95c67
  SwiftyBeaver: 4cc0080d2e23f980652e28978db11a5c9da39165

PODFILE CHECKSUM: 3d9a1ffb624592347a3f5bcf38d07ff3680f499d

COCOAPODS: 1.7.5
