// !$*UTF8*$!
{
	archiveVersion = 1;
	classes = {
	};
	objectVersion = 51;
	objects = {

/* Begin PBXBuildFile section */
		3007B9EB2175EA31002C4BEB /* AppDelegate.swift in Sources */ = {isa = PBXBuildFile; fileRef = 3007B9EA2175EA31002C4BEB /* AppDelegate.swift */; };
		3007B9ED2175EA31002C4BEB /* FuelRegisterViewController.swift in Sources */ = {isa = PBXBuildFile; fileRef = 3007B9EC2175EA31002C4BEB /* FuelRegisterViewController.swift */; };
		3007B9F02175EA31002C4BEB /* Main.storyboard in Resources */ = {isa = PBXBuildFile; fileRef = 3007B9EE2175EA31002C4BEB /* Main.storyboard */; };
		3007B9F22175EA35002C4BEB /* Assets.xcassets in Resources */ = {isa = PBXBuildFile; fileRef = 3007B9F12175EA34002C4BEB /* Assets.xcassets */; };
		3007B9F52175EA35002C4BEB /* LaunchScreen.storyboard in Resources */ = {isa = PBXBuildFile; fileRef = 3007B9F32175EA35002C4BEB /* LaunchScreen.storyboard */; };
		3020F29A2240062500D2CF28 /* FuelsManager.swift in Sources */ = {isa = PBXBuildFile; fileRef = 3020F2992240062500D2CF28 /* FuelsManager.swift */; };
		3020F29C224008D600D2CF28 /* Database.swift in Sources */ = {isa = PBXBuildFile; fileRef = 3020F29B224008D600D2CF28 /* Database.swift */; };
		3020F29E2240129600D2CF28 /* FuelsManagerProtocol.swift in Sources */ = {isa = PBXBuildFile; fileRef = 3020F29D2240129600D2CF28 /* FuelsManagerProtocol.swift */; };
		302224082254AFAC0073AEAB /* XCUIElement+clearTextField.swift in Sources */ = {isa = PBXBuildFile; fileRef = 302224072254AFAC0073AEAB /* XCUIElement+clearTextField.swift */; };
		303CAAF421778F8700202E44 /* FuelViewModel.swift in Sources */ = {isa = PBXBuildFile; fileRef = 303CAAF321778F8700202E44 /* FuelViewModel.swift */; };
		304DBF4E21C7C00300265662 /* DatabaseManagerTests.swift in Sources */ = {isa = PBXBuildFile; fileRef = 304DBF4D21C7C00300265662 /* DatabaseManagerTests.swift */; };
		30639D5B217BD43E0011ADB2 /* String+DoubleUIntValue.swift in Sources */ = {isa = PBXBuildFile; fileRef = 30639D5A217BD43E0011ADB2 /* String+DoubleUIntValue.swift */; };
		30639D5E217BD8C80011ADB2 /* Double+stringValue.swift in Sources */ = {isa = PBXBuildFile; fileRef = 30639D5D217BD8C80011ADB2 /* Double+stringValue.swift */; };
		30639D60217DD2A00011ADB2 /* UtilTests.swift in Sources */ = {isa = PBXBuildFile; fileRef = 30639D5F217DD2A00011ADB2 /* UtilTests.swift */; };
		30747A152245027F002800A0 /* DatabaseTests.swift in Sources */ = {isa = PBXBuildFile; fileRef = 30747A142245027F002800A0 /* DatabaseTests.swift */; };
		3075AD8121762C4E00025C2A /* AddFuelViewController.swift in Sources */ = {isa = PBXBuildFile; fileRef = 3075AD8021762C4E00025C2A /* AddFuelViewController.swift */; };
		30A31EEB21D3988700FBDA74 /* AddFuelUITests.swift in Sources */ = {isa = PBXBuildFile; fileRef = 30A31EEA21D3988700FBDA74 /* AddFuelUITests.swift */; };
		30A31EED21D398B800FBDA74 /* FuelTrackerUITests.swift in Sources */ = {isa = PBXBuildFile; fileRef = 30A31EEC21D398B800FBDA74 /* FuelTrackerUITests.swift */; };
		30C9555A217665D2008BBC51 /* Fuel.swift in Sources */ = {isa = PBXBuildFile; fileRef = 30C95559217665D2008BBC51 /* Fuel.swift */; };
		30C9557F217669EF008BBC51 /* FuelTests.swift in Sources */ = {isa = PBXBuildFile; fileRef = 30C9557E217669EF008BBC51 /* FuelTests.swift */; };
		30CE8E992242438500944DAB /* FuelRegisterTableView.swift in Sources */ = {isa = PBXBuildFile; fileRef = 30CE8E982242438500944DAB /* FuelRegisterTableView.swift */; };
		30F45376217F2143006F190F /* UITextField+enabledColor.swift in Sources */ = {isa = PBXBuildFile; fileRef = 30F45375217F2143006F190F /* UITextField+enabledColor.swift */; };
		30F6159921C91FD000399E4C /* FuelTableViewCell.swift in Sources */ = {isa = PBXBuildFile; fileRef = 30F6159821C91FD000399E4C /* FuelTableViewCell.swift */; };
		30F6159B21C9250300399E4C /* Date+toString.swift in Sources */ = {isa = PBXBuildFile; fileRef = 30F6159A21C9250300399E4C /* Date+toString.swift */; };
		30F6159D21C92B1800399E4C /* UITableViewCell+identifier.swift in Sources */ = {isa = PBXBuildFile; fileRef = 30F6159C21C92B1800399E4C /* UITableViewCell+identifier.swift */; };
		337EB9F5A1C3CB232B5F4284 /* Pods_FuelTracker.framework in Frameworks */ = {isa = PBXBuildFile; fileRef = 2EE6E2C6D1501EDA6D96D013 /* Pods_FuelTracker.framework */; };
		4B38C8315C73427ACD9DBB4D /* Pods_FuelTracker_FuelTrackerUITests.framework in Frameworks */ = {isa = PBXBuildFile; fileRef = A40719AE352B21678607B4A2 /* Pods_FuelTracker_FuelTrackerUITests.framework */; };
		A00820FBDCA59285408D09EA /* Pods_FuelTrackerTests.framework in Frameworks */ = {isa = PBXBuildFile; fileRef = 3D14E516CDC8D14E4FFA72D7 /* Pods_FuelTrackerTests.framework */; };
/* End PBXBuildFile section */

/* Begin PBXContainerItemProxy section */
		30A31EE521D3985200FBDA74 /* PBXContainerItemProxy */ = {
			isa = PBXContainerItemProxy;
			containerPortal = 3007B9DF2175EA31002C4BEB /* Project object */;
			proxyType = 1;
			remoteGlobalIDString = 3007B9E62175EA31002C4BEB;
			remoteInfo = FuelTracker;
		};
		30C9557621766991008BBC51 /* PBXContainerItemProxy */ = {
			isa = PBXContainerItemProxy;
			containerPortal = 3007B9DF2175EA31002C4BEB /* Project object */;
			proxyType = 1;
			remoteGlobalIDString = 3007B9E62175EA31002C4BEB;
			remoteInfo = FuelTracker;
		};
/* End PBXContainerItemProxy section */

/* Begin PBXFileReference section */
		19DBE75C23EC7EA1B6A86DBF /* Pods-FuelTracker.debug.xcconfig */ = {isa = PBXFileReference; includeInIndex = 1; lastKnownFileType = text.xcconfig; name = "Pods-FuelTracker.debug.xcconfig"; path = "Pods/Target Support Files/Pods-FuelTracker/Pods-FuelTracker.debug.xcconfig"; sourceTree = "<group>"; };
		21A84D9F8A35D98758850BE9 /* Pods-FuelTracker-FuelTrackerUITests.release.xcconfig */ = {isa = PBXFileReference; includeInIndex = 1; lastKnownFileType = text.xcconfig; name = "Pods-FuelTracker-FuelTrackerUITests.release.xcconfig"; path = "Pods/Target Support Files/Pods-FuelTracker-FuelTrackerUITests/Pods-FuelTracker-FuelTrackerUITests.release.xcconfig"; sourceTree = "<group>"; };
		2EE6E2C6D1501EDA6D96D013 /* Pods_FuelTracker.framework */ = {isa = PBXFileReference; explicitFileType = wrapper.framework; includeInIndex = 0; path = Pods_FuelTracker.framework; sourceTree = BUILT_PRODUCTS_DIR; };
		3007B9E72175EA31002C4BEB /* FuelTracker.app */ = {isa = PBXFileReference; explicitFileType = wrapper.application; includeInIndex = 0; path = FuelTracker.app; sourceTree = BUILT_PRODUCTS_DIR; };
		3007B9EA2175EA31002C4BEB /* AppDelegate.swift */ = {isa = PBXFileReference; lastKnownFileType = sourcecode.swift; path = AppDelegate.swift; sourceTree = "<group>"; };
		3007B9EC2175EA31002C4BEB /* FuelRegisterViewController.swift */ = {isa = PBXFileReference; lastKnownFileType = sourcecode.swift; path = FuelRegisterViewController.swift; sourceTree = "<group>"; };
		3007B9EF2175EA31002C4BEB /* Base */ = {isa = PBXFileReference; lastKnownFileType = file.storyboard; name = Base; path = Base.lproj/Main.storyboard; sourceTree = "<group>"; };
		3007B9F12175EA34002C4BEB /* Assets.xcassets */ = {isa = PBXFileReference; lastKnownFileType = folder.assetcatalog; path = Assets.xcassets; sourceTree = "<group>"; };
		3007B9F42175EA35002C4BEB /* Base */ = {isa = PBXFileReference; lastKnownFileType = file.storyboard; name = Base; path = Base.lproj/LaunchScreen.storyboard; sourceTree = "<group>"; };
		3007B9F62175EA35002C4BEB /* Info.plist */ = {isa = PBXFileReference; lastKnownFileType = text.plist.xml; path = Info.plist; sourceTree = "<group>"; };
		3020F2992240062500D2CF28 /* FuelsManager.swift */ = {isa = PBXFileReference; lastKnownFileType = sourcecode.swift; path = FuelsManager.swift; sourceTree = "<group>"; };
		3020F29B224008D600D2CF28 /* Database.swift */ = {isa = PBXFileReference; lastKnownFileType = sourcecode.swift; path = Database.swift; sourceTree = "<group>"; };
		3020F29D2240129600D2CF28 /* FuelsManagerProtocol.swift */ = {isa = PBXFileReference; lastKnownFileType = sourcecode.swift; path = FuelsManagerProtocol.swift; sourceTree = "<group>"; };
		302224072254AFAC0073AEAB /* XCUIElement+clearTextField.swift */ = {isa = PBXFileReference; lastKnownFileType = sourcecode.swift; path = "XCUIElement+clearTextField.swift"; sourceTree = "<group>"; };
		303CAAF321778F8700202E44 /* FuelViewModel.swift */ = {isa = PBXFileReference; lastKnownFileType = sourcecode.swift; path = FuelViewModel.swift; sourceTree = "<group>"; };
		304DBF4D21C7C00300265662 /* DatabaseManagerTests.swift */ = {isa = PBXFileReference; lastKnownFileType = sourcecode.swift; path = DatabaseManagerTests.swift; sourceTree = "<group>"; };
		30639D5A217BD43E0011ADB2 /* String+DoubleUIntValue.swift */ = {isa = PBXFileReference; lastKnownFileType = sourcecode.swift; path = "String+DoubleUIntValue.swift"; sourceTree = "<group>"; };
		30639D5D217BD8C80011ADB2 /* Double+stringValue.swift */ = {isa = PBXFileReference; lastKnownFileType = sourcecode.swift; path = "Double+stringValue.swift"; sourceTree = "<group>"; };
		30639D5F217DD2A00011ADB2 /* UtilTests.swift */ = {isa = PBXFileReference; lastKnownFileType = sourcecode.swift; path = UtilTests.swift; sourceTree = "<group>"; };
		30747A142245027F002800A0 /* DatabaseTests.swift */ = {isa = PBXFileReference; lastKnownFileType = sourcecode.swift; path = DatabaseTests.swift; sourceTree = "<group>"; };
		3075AD8021762C4E00025C2A /* AddFuelViewController.swift */ = {isa = PBXFileReference; lastKnownFileType = sourcecode.swift; path = AddFuelViewController.swift; sourceTree = "<group>"; };
		30A31EE021D3985200FBDA74 /* FuelTrackerUITests.xctest */ = {isa = PBXFileReference; explicitFileType = wrapper.cfbundle; includeInIndex = 0; path = FuelTrackerUITests.xctest; sourceTree = BUILT_PRODUCTS_DIR; };
		30A31EE421D3985200FBDA74 /* Info.plist */ = {isa = PBXFileReference; lastKnownFileType = text.plist.xml; path = Info.plist; sourceTree = "<group>"; };
		30A31EEA21D3988700FBDA74 /* AddFuelUITests.swift */ = {isa = PBXFileReference; fileEncoding = 4; lastKnownFileType = sourcecode.swift; path = AddFuelUITests.swift; sourceTree = "<group>"; };
		30A31EEC21D398B800FBDA74 /* FuelTrackerUITests.swift */ = {isa = PBXFileReference; fileEncoding = 4; lastKnownFileType = sourcecode.swift; path = FuelTrackerUITests.swift; sourceTree = "<group>"; };
		30C95559217665D2008BBC51 /* Fuel.swift */ = {isa = PBXFileReference; lastKnownFileType = sourcecode.swift; path = Fuel.swift; sourceTree = "<group>"; };
		30C9557121766991008BBC51 /* FuelTrackerTests.xctest */ = {isa = PBXFileReference; explicitFileType = wrapper.cfbundle; includeInIndex = 0; path = FuelTrackerTests.xctest; sourceTree = BUILT_PRODUCTS_DIR; };
		30C9557521766991008BBC51 /* Info.plist */ = {isa = PBXFileReference; lastKnownFileType = text.plist.xml; path = Info.plist; sourceTree = "<group>"; };
		30C9557E217669EF008BBC51 /* FuelTests.swift */ = {isa = PBXFileReference; lastKnownFileType = sourcecode.swift; path = FuelTests.swift; sourceTree = "<group>"; };
		30CE8E982242438500944DAB /* FuelRegisterTableView.swift */ = {isa = PBXFileReference; lastKnownFileType = sourcecode.swift; path = FuelRegisterTableView.swift; sourceTree = "<group>"; };
		30F45375217F2143006F190F /* UITextField+enabledColor.swift */ = {isa = PBXFileReference; lastKnownFileType = sourcecode.swift; path = "UITextField+enabledColor.swift"; sourceTree = "<group>"; };
		30F6159821C91FD000399E4C /* FuelTableViewCell.swift */ = {isa = PBXFileReference; lastKnownFileType = sourcecode.swift; path = FuelTableViewCell.swift; sourceTree = "<group>"; };
		30F6159A21C9250300399E4C /* Date+toString.swift */ = {isa = PBXFileReference; lastKnownFileType = sourcecode.swift; path = "Date+toString.swift"; sourceTree = "<group>"; };
		30F6159C21C92B1800399E4C /* UITableViewCell+identifier.swift */ = {isa = PBXFileReference; lastKnownFileType = sourcecode.swift; path = "UITableViewCell+identifier.swift"; sourceTree = "<group>"; };
		3D14E516CDC8D14E4FFA72D7 /* Pods_FuelTrackerTests.framework */ = {isa = PBXFileReference; explicitFileType = wrapper.framework; includeInIndex = 0; path = Pods_FuelTrackerTests.framework; sourceTree = BUILT_PRODUCTS_DIR; };
		44764592B224738B3D8392E9 /* Pods-FuelTrackerTests.release.xcconfig */ = {isa = PBXFileReference; includeInIndex = 1; lastKnownFileType = text.xcconfig; name = "Pods-FuelTrackerTests.release.xcconfig"; path = "Pods/Target Support Files/Pods-FuelTrackerTests/Pods-FuelTrackerTests.release.xcconfig"; sourceTree = "<group>"; };
		79135A41ED022EF335929725 /* Pods-FuelTracker-FuelTrackerUITests.debug.xcconfig */ = {isa = PBXFileReference; includeInIndex = 1; lastKnownFileType = text.xcconfig; name = "Pods-FuelTracker-FuelTrackerUITests.debug.xcconfig"; path = "Pods/Target Support Files/Pods-FuelTracker-FuelTrackerUITests/Pods-FuelTracker-FuelTrackerUITests.debug.xcconfig"; sourceTree = "<group>"; };
		96DB7E24E499947C23F35854 /* Pods-FuelTracker.release.xcconfig */ = {isa = PBXFileReference; includeInIndex = 1; lastKnownFileType = text.xcconfig; name = "Pods-FuelTracker.release.xcconfig"; path = "Pods/Target Support Files/Pods-FuelTracker/Pods-FuelTracker.release.xcconfig"; sourceTree = "<group>"; };
		A40719AE352B21678607B4A2 /* Pods_FuelTracker_FuelTrackerUITests.framework */ = {isa = PBXFileReference; explicitFileType = wrapper.framework; includeInIndex = 0; path = Pods_FuelTracker_FuelTrackerUITests.framework; sourceTree = BUILT_PRODUCTS_DIR; };
		F4FA3050D23F86D11B684725 /* Pods-FuelTrackerTests.debug.xcconfig */ = {isa = PBXFileReference; includeInIndex = 1; lastKnownFileType = text.xcconfig; name = "Pods-FuelTrackerTests.debug.xcconfig"; path = "Pods/Target Support Files/Pods-FuelTrackerTests/Pods-FuelTrackerTests.debug.xcconfig"; sourceTree = "<group>"; };
/* End PBXFileReference section */

/* Begin PBXFrameworksBuildPhase section */
		3007B9E42175EA31002C4BEB /* Frameworks */ = {
			isa = PBXFrameworksBuildPhase;
			buildActionMask = 2147483647;
			files = (
				337EB9F5A1C3CB232B5F4284 /* Pods_FuelTracker.framework in Frameworks */,
			);
			runOnlyForDeploymentPostprocessing = 0;
		};
		30A31EDD21D3985200FBDA74 /* Frameworks */ = {
			isa = PBXFrameworksBuildPhase;
			buildActionMask = 2147483647;
			files = (
				4B38C8315C73427ACD9DBB4D /* Pods_FuelTracker_FuelTrackerUITests.framework in Frameworks */,
			);
			runOnlyForDeploymentPostprocessing = 0;
		};
		30C9556E21766991008BBC51 /* Frameworks */ = {
			isa = PBXFrameworksBuildPhase;
			buildActionMask = 2147483647;
			files = (
				A00820FBDCA59285408D09EA /* Pods_FuelTrackerTests.framework in Frameworks */,
			);
			runOnlyForDeploymentPostprocessing = 0;
		};
/* End PBXFrameworksBuildPhase section */

/* Begin PBXGroup section */
		3007B9DE2175EA31002C4BEB = {
			isa = PBXGroup;
			children = (
				3007B9E92175EA31002C4BEB /* FuelTracker */,
				30C9557221766991008BBC51 /* FuelTrackerTests */,
				30A31EE121D3985200FBDA74 /* FuelTrackerUITests */,
				3007B9E82175EA31002C4BEB /* Products */,
				635CB0A9CAC020D9FADA70E8 /* Pods */,
				F67AA2EE95AAC7F28F64F060 /* Frameworks */,
			);
			sourceTree = "<group>";
		};
		3007B9E82175EA31002C4BEB /* Products */ = {
			isa = PBXGroup;
			children = (
				3007B9E72175EA31002C4BEB /* FuelTracker.app */,
				30C9557121766991008BBC51 /* FuelTrackerTests.xctest */,
				30A31EE021D3985200FBDA74 /* FuelTrackerUITests.xctest */,
			);
			name = Products;
			sourceTree = "<group>";
		};
		3007B9E92175EA31002C4BEB /* FuelTracker */ = {
			isa = PBXGroup;
			children = (
				3007B9EA2175EA31002C4BEB /* AppDelegate.swift */,
				303CAAF221778F6900202E44 /* Model */,
				303CAAF521778F8B00202E44 /* ViewModel */,
				303CAAF82177991800202E44 /* View */,
				30639D5C217BD4480011ADB2 /* Util */,
				3007B9EE2175EA31002C4BEB /* Main.storyboard */,
				3007B9F12175EA34002C4BEB /* Assets.xcassets */,
				3007B9F32175EA35002C4BEB /* LaunchScreen.storyboard */,
				3007B9F62175EA35002C4BEB /* Info.plist */,
			);
			path = FuelTracker;
			sourceTree = "<group>";
		};
		302224092254B0170073AEAB /* TestUtil */ = {
			isa = PBXGroup;
			children = (
				302224072254AFAC0073AEAB /* XCUIElement+clearTextField.swift */,
			);
			path = TestUtil;
			sourceTree = "<group>";
		};
		303CAAF221778F6900202E44 /* Model */ = {
			isa = PBXGroup;
			children = (
				30C95559217665D2008BBC51 /* Fuel.swift */,
				3020F2992240062500D2CF28 /* FuelsManager.swift */,
				3020F29D2240129600D2CF28 /* FuelsManagerProtocol.swift */,
				3020F29B224008D600D2CF28 /* Database.swift */,
			);
			path = Model;
			sourceTree = "<group>";
		};
		303CAAF521778F8B00202E44 /* ViewModel */ = {
			isa = PBXGroup;
			children = (
				303CAAF321778F8700202E44 /* FuelViewModel.swift */,
			);
			path = ViewModel;
			sourceTree = "<group>";
		};
		303CAAF82177991800202E44 /* View */ = {
			isa = PBXGroup;
			children = (
				30F6159821C91FD000399E4C /* FuelTableViewCell.swift */,
				3007B9EC2175EA31002C4BEB /* FuelRegisterViewController.swift */,
				30CE8E982242438500944DAB /* FuelRegisterTableView.swift */,
				3075AD8021762C4E00025C2A /* AddFuelViewController.swift */,
			);
			path = View;
			sourceTree = "<group>";
		};
		30639D5C217BD4480011ADB2 /* Util */ = {
			isa = PBXGroup;
			children = (
				30639D5A217BD43E0011ADB2 /* String+DoubleUIntValue.swift */,
				30639D5D217BD8C80011ADB2 /* Double+stringValue.swift */,
				30F45375217F2143006F190F /* UITextField+enabledColor.swift */,
				30F6159A21C9250300399E4C /* Date+toString.swift */,
				30F6159C21C92B1800399E4C /* UITableViewCell+identifier.swift */,
			);
			path = Util;
			sourceTree = "<group>";
		};
		30A31EE121D3985200FBDA74 /* FuelTrackerUITests */ = {
			isa = PBXGroup;
			children = (
				30A31EEC21D398B800FBDA74 /* FuelTrackerUITests.swift */,
				30A31EEA21D3988700FBDA74 /* AddFuelUITests.swift */,
				30A31EE421D3985200FBDA74 /* Info.plist */,
				302224092254B0170073AEAB /* TestUtil */,
			);
			path = FuelTrackerUITests;
			sourceTree = "<group>";
		};
		30C9557221766991008BBC51 /* FuelTrackerTests */ = {
			isa = PBXGroup;
			children = (
				30C9557521766991008BBC51 /* Info.plist */,
				30C9557E217669EF008BBC51 /* FuelTests.swift */,
				304DBF4D21C7C00300265662 /* DatabaseManagerTests.swift */,
				30747A142245027F002800A0 /* DatabaseTests.swift */,
				30639D5F217DD2A00011ADB2 /* UtilTests.swift */,
			);
			path = FuelTrackerTests;
			sourceTree = "<group>";
		};
		635CB0A9CAC020D9FADA70E8 /* Pods */ = {
			isa = PBXGroup;
			children = (
				19DBE75C23EC7EA1B6A86DBF /* Pods-FuelTracker.debug.xcconfig */,
				96DB7E24E499947C23F35854 /* Pods-FuelTracker.release.xcconfig */,
				F4FA3050D23F86D11B684725 /* Pods-FuelTrackerTests.debug.xcconfig */,
				44764592B224738B3D8392E9 /* Pods-FuelTrackerTests.release.xcconfig */,
				79135A41ED022EF335929725 /* Pods-FuelTracker-FuelTrackerUITests.debug.xcconfig */,
				21A84D9F8A35D98758850BE9 /* Pods-FuelTracker-FuelTrackerUITests.release.xcconfig */,
			);
			name = Pods;
			sourceTree = "<group>";
		};
		F67AA2EE95AAC7F28F64F060 /* Frameworks */ = {
			isa = PBXGroup;
			children = (
				2EE6E2C6D1501EDA6D96D013 /* Pods_FuelTracker.framework */,
				A40719AE352B21678607B4A2 /* Pods_FuelTracker_FuelTrackerUITests.framework */,
				3D14E516CDC8D14E4FFA72D7 /* Pods_FuelTrackerTests.framework */,
			);
			name = Frameworks;
			sourceTree = "<group>";
		};
/* End PBXGroup section */

/* Begin PBXNativeTarget section */
		3007B9E62175EA31002C4BEB /* FuelTracker */ = {
			isa = PBXNativeTarget;
			buildConfigurationList = 3007BA0F2175EA35002C4BEB /* Build configuration list for PBXNativeTarget "FuelTracker" */;
			buildPhases = (
				04187EEB9FC1F46AD2BA9E99 /* [CP] Check Pods Manifest.lock */,
				3007B9E32175EA31002C4BEB /* Sources */,
				3007B9E42175EA31002C4BEB /* Frameworks */,
				3007B9E52175EA31002C4BEB /* Resources */,
				303CAAF121776E1300202E44 /* ShellScript */,
				BFAE0F70F1D0FE40E1F80A42 /* [CP] Embed Pods Frameworks */,
			);
			buildRules = (
			);
			dependencies = (
			);
			name = FuelTracker;
			productName = FuelTracker;
			productReference = 3007B9E72175EA31002C4BEB /* FuelTracker.app */;
			productType = "com.apple.product-type.application";
		};
		30A31EDF21D3985200FBDA74 /* FuelTrackerUITests */ = {
			isa = PBXNativeTarget;
			buildConfigurationList = 30A31EE721D3985200FBDA74 /* Build configuration list for PBXNativeTarget "FuelTrackerUITests" */;
			buildPhases = (
				5E8E004E68B9D68E670CE275 /* [CP] Check Pods Manifest.lock */,
				30A31EDC21D3985200FBDA74 /* Sources */,
				30A31EDD21D3985200FBDA74 /* Frameworks */,
				30A31EDE21D3985200FBDA74 /* Resources */,
				CA8CC31A55395B8F378A16D7 /* [CP] Embed Pods Frameworks */,
			);
			buildRules = (
			);
			dependencies = (
				30A31EE621D3985200FBDA74 /* PBXTargetDependency */,
			);
			name = FuelTrackerUITests;
			productName = FuelTrackerUITests;
			productReference = 30A31EE021D3985200FBDA74 /* FuelTrackerUITests.xctest */;
			productType = "com.apple.product-type.bundle.ui-testing";
		};
		30C9557021766991008BBC51 /* FuelTrackerTests */ = {
			isa = PBXNativeTarget;
			buildConfigurationList = 30C9557821766991008BBC51 /* Build configuration list for PBXNativeTarget "FuelTrackerTests" */;
			buildPhases = (
				2654721D9E5E5BD3581B363E /* [CP] Check Pods Manifest.lock */,
				30C9556D21766991008BBC51 /* Sources */,
				30C9556E21766991008BBC51 /* Frameworks */,
				30C9556F21766991008BBC51 /* Resources */,
			);
			buildRules = (
			);
			dependencies = (
				30C9557721766991008BBC51 /* PBXTargetDependency */,
			);
			name = FuelTrackerTests;
			productName = FuelTrackerTests;
			productReference = 30C9557121766991008BBC51 /* FuelTrackerTests.xctest */;
			productType = "com.apple.product-type.bundle.unit-test";
		};
/* End PBXNativeTarget section */

/* Begin PBXProject section */
		3007B9DF2175EA31002C4BEB /* Project object */ = {
			isa = PBXProject;
			attributes = {
				LastSwiftUpdateCheck = 1010;
				LastUpgradeCheck = 1000;
				ORGANIZATIONNAME = "Daniel Zanchi";
				TargetAttributes = {
					3007B9E62175EA31002C4BEB = {
						CreatedOnToolsVersion = 10.0;
						LastSwiftMigration = 1030;
					};
					30A31EDF21D3985200FBDA74 = {
						CreatedOnToolsVersion = 10.1;
						LastSwiftMigration = 1030;
						TestTargetID = 3007B9E62175EA31002C4BEB;
					};
					30C9557021766991008BBC51 = {
						CreatedOnToolsVersion = 10.0;
						LastSwiftMigration = 1030;
						TestTargetID = 3007B9E62175EA31002C4BEB;
					};
				};
			};
			buildConfigurationList = 3007B9E22175EA31002C4BEB /* Build configuration list for PBXProject "FuelTracker" */;
			compatibilityVersion = "Xcode 9.3";
			developmentRegion = en;
			hasScannedForEncodings = 0;
			knownRegions = (
				en,
				Base,
			);
			mainGroup = 3007B9DE2175EA31002C4BEB;
			productRefGroup = 3007B9E82175EA31002C4BEB /* Products */;
			projectDirPath = "";
			projectRoot = "";
			targets = (
				3007B9E62175EA31002C4BEB /* FuelTracker */,
				30C9557021766991008BBC51 /* FuelTrackerTests */,
				30A31EDF21D3985200FBDA74 /* FuelTrackerUITests */,
			);
		};
/* End PBXProject section */

/* Begin PBXResourcesBuildPhase section */
		3007B9E52175EA31002C4BEB /* Resources */ = {
			isa = PBXResourcesBuildPhase;
			buildActionMask = 2147483647;
			files = (
				3007B9F52175EA35002C4BEB /* LaunchScreen.storyboard in Resources */,
				3007B9F22175EA35002C4BEB /* Assets.xcassets in Resources */,
				3007B9F02175EA31002C4BEB /* Main.storyboard in Resources */,
			);
			runOnlyForDeploymentPostprocessing = 0;
		};
		30A31EDE21D3985200FBDA74 /* Resources */ = {
			isa = PBXResourcesBuildPhase;
			buildActionMask = 2147483647;
			files = (
			);
			runOnlyForDeploymentPostprocessing = 0;
		};
		30C9556F21766991008BBC51 /* Resources */ = {
			isa = PBXResourcesBuildPhase;
			buildActionMask = 2147483647;
			files = (
			);
			runOnlyForDeploymentPostprocessing = 0;
		};
/* End PBXResourcesBuildPhase section */

/* Begin PBXShellScriptBuildPhase section */
		04187EEB9FC1F46AD2BA9E99 /* [CP] Check Pods Manifest.lock */ = {
			isa = PBXShellScriptBuildPhase;
			buildActionMask = 2147483647;
			files = (
			);
			inputFileListPaths = (
			);
			inputPaths = (
				"${PODS_PODFILE_DIR_PATH}/Podfile.lock",
				"${PODS_ROOT}/Manifest.lock",
			);
			name = "[CP] Check Pods Manifest.lock";
			outputFileListPaths = (
			);
			outputPaths = (
				"$(DERIVED_FILE_DIR)/Pods-FuelTracker-checkManifestLockResult.txt",
			);
			runOnlyForDeploymentPostprocessing = 0;
			shellPath = /bin/sh;
			shellScript = "diff \"${PODS_PODFILE_DIR_PATH}/Podfile.lock\" \"${PODS_ROOT}/Manifest.lock\" > /dev/null\nif [ $? != 0 ] ; then\n    # print error to STDERR\n    echo \"error: The sandbox is not in sync with the Podfile.lock. Run 'pod install' or update your CocoaPods installation.\" >&2\n    exit 1\nfi\n# This output is used by Xcode 'outputs' to avoid re-running this script phase.\necho \"SUCCESS\" > \"${SCRIPT_OUTPUT_FILE_0}\"\n";
			showEnvVarsInLog = 0;
		};
		2654721D9E5E5BD3581B363E /* [CP] Check Pods Manifest.lock */ = {
			isa = PBXShellScriptBuildPhase;
			buildActionMask = 2147483647;
			files = (
			);
			inputFileListPaths = (
			);
			inputPaths = (
				"${PODS_PODFILE_DIR_PATH}/Podfile.lock",
				"${PODS_ROOT}/Manifest.lock",
			);
			name = "[CP] Check Pods Manifest.lock";
			outputFileListPaths = (
			);
			outputPaths = (
				"$(DERIVED_FILE_DIR)/Pods-FuelTrackerTests-checkManifestLockResult.txt",
			);
			runOnlyForDeploymentPostprocessing = 0;
			shellPath = /bin/sh;
			shellScript = "diff \"${PODS_PODFILE_DIR_PATH}/Podfile.lock\" \"${PODS_ROOT}/Manifest.lock\" > /dev/null\nif [ $? != 0 ] ; then\n    # print error to STDERR\n    echo \"error: The sandbox is not in sync with the Podfile.lock. Run 'pod install' or update your CocoaPods installation.\" >&2\n    exit 1\nfi\n# This output is used by Xcode 'outputs' to avoid re-running this script phase.\necho \"SUCCESS\" > \"${SCRIPT_OUTPUT_FILE_0}\"\n";
			showEnvVarsInLog = 0;
		};
		303CAAF121776E1300202E44 /* ShellScript */ = {
			isa = PBXShellScriptBuildPhase;
			buildActionMask = 12;
			files = (
			);
			inputFileListPaths = (
			);
			inputPaths = (
			);
			outputFileListPaths = (
			);
			outputPaths = (
			);
			runOnlyForDeploymentPostprocessing = 0;
			shellPath = /bin/sh;
			shellScript = "# Type a script or drag a script file from your workspace to insert its path.\n# \"${PODS_ROOT}/SwiftLint/swiftlint\"\n";
		};
		5E8E004E68B9D68E670CE275 /* [CP] Check Pods Manifest.lock */ = {
			isa = PBXShellScriptBuildPhase;
			buildActionMask = 2147483647;
			files = (
			);
			inputFileListPaths = (
			);
			inputPaths = (
				"${PODS_PODFILE_DIR_PATH}/Podfile.lock",
				"${PODS_ROOT}/Manifest.lock",
			);
			name = "[CP] Check Pods Manifest.lock";
			outputFileListPaths = (
			);
			outputPaths = (
				"$(DERIVED_FILE_DIR)/Pods-FuelTracker-FuelTrackerUITests-checkManifestLockResult.txt",
			);
			runOnlyForDeploymentPostprocessing = 0;
			shellPath = /bin/sh;
			shellScript = "diff \"${PODS_PODFILE_DIR_PATH}/Podfile.lock\" \"${PODS_ROOT}/Manifest.lock\" > /dev/null\nif [ $? != 0 ] ; then\n    # print error to STDERR\n    echo \"error: The sandbox is not in sync with the Podfile.lock. Run 'pod install' or update your CocoaPods installation.\" >&2\n    exit 1\nfi\n# This output is used by Xcode 'outputs' to avoid re-running this script phase.\necho \"SUCCESS\" > \"${SCRIPT_OUTPUT_FILE_0}\"\n";
			showEnvVarsInLog = 0;
		};
		BFAE0F70F1D0FE40E1F80A42 /* [CP] Embed Pods Frameworks */ = {
			isa = PBXShellScriptBuildPhase;
			buildActionMask = 2147483647;
			files = (
			);
			inputFileListPaths = (
				"${PODS_ROOT}/Target Support Files/Pods-FuelTracker/Pods-FuelTracker-frameworks-${CONFIGURATION}-input-files.xcfilelist",
			);
			name = "[CP] Embed Pods Frameworks";
			outputFileListPaths = (
				"${PODS_ROOT}/Target Support Files/Pods-FuelTracker/Pods-FuelTracker-frameworks-${CONFIGURATION}-output-files.xcfilelist",
			);
			runOnlyForDeploymentPostprocessing = 0;
			shellPath = /bin/sh;
			shellScript = "\"${PODS_ROOT}/Target Support Files/Pods-FuelTracker/Pods-FuelTracker-frameworks.sh\"\n";
			showEnvVarsInLog = 0;
		};
		CA8CC31A55395B8F378A16D7 /* [CP] Embed Pods Frameworks */ = {
			isa = PBXShellScriptBuildPhase;
			buildActionMask = 2147483647;
			files = (
			);
			inputFileListPaths = (
				"${PODS_ROOT}/Target Support Files/Pods-FuelTracker-FuelTrackerUITests/Pods-FuelTracker-FuelTrackerUITests-frameworks-${CONFIGURATION}-input-files.xcfilelist",
			);
			name = "[CP] Embed Pods Frameworks";
			outputFileListPaths = (
				"${PODS_ROOT}/Target Support Files/Pods-FuelTracker-FuelTrackerUITests/Pods-FuelTracker-FuelTrackerUITests-frameworks-${CONFIGURATION}-output-files.xcfilelist",
			);
			runOnlyForDeploymentPostprocessing = 0;
			shellPath = /bin/sh;
			shellScript = "\"${PODS_ROOT}/Target Support Files/Pods-FuelTracker-FuelTrackerUITests/Pods-FuelTracker-FuelTrackerUITests-frameworks.sh\"\n";
			showEnvVarsInLog = 0;
		};
/* End PBXShellScriptBuildPhase section */

/* Begin PBXSourcesBuildPhase section */
		3007B9E32175EA31002C4BEB /* Sources */ = {
			isa = PBXSourcesBuildPhase;
			buildActionMask = 2147483647;
			files = (
				3075AD8121762C4E00025C2A /* AddFuelViewController.swift in Sources */,
				30C9555A217665D2008BBC51 /* Fuel.swift in Sources */,
				3020F29A2240062500D2CF28 /* FuelsManager.swift in Sources */,
				30F6159921C91FD000399E4C /* FuelTableViewCell.swift in Sources */,
				30639D5E217BD8C80011ADB2 /* Double+stringValue.swift in Sources */,
				30639D5B217BD43E0011ADB2 /* String+DoubleUIntValue.swift in Sources */,
				3007B9ED2175EA31002C4BEB /* FuelRegisterViewController.swift in Sources */,
				30F45376217F2143006F190F /* UITextField+enabledColor.swift in Sources */,
				30F6159D21C92B1800399E4C /* UITableViewCell+identifier.swift in Sources */,
				30CE8E992242438500944DAB /* FuelRegisterTableView.swift in Sources */,
				3007B9EB2175EA31002C4BEB /* AppDelegate.swift in Sources */,
				30F6159B21C9250300399E4C /* Date+toString.swift in Sources */,
				303CAAF421778F8700202E44 /* FuelViewModel.swift in Sources */,
				3020F29C224008D600D2CF28 /* Database.swift in Sources */,
				3020F29E2240129600D2CF28 /* FuelsManagerProtocol.swift in Sources */,
			);
			runOnlyForDeploymentPostprocessing = 0;
		};
		30A31EDC21D3985200FBDA74 /* Sources */ = {
			isa = PBXSourcesBuildPhase;
			buildActionMask = 2147483647;
			files = (
				30A31EED21D398B800FBDA74 /* FuelTrackerUITests.swift in Sources */,
				302224082254AFAC0073AEAB /* XCUIElement+clearTextField.swift in Sources */,
				30A31EEB21D3988700FBDA74 /* AddFuelUITests.swift in Sources */,
			);
			runOnlyForDeploymentPostprocessing = 0;
		};
		30C9556D21766991008BBC51 /* Sources */ = {
			isa = PBXSourcesBuildPhase;
			buildActionMask = 2147483647;
			files = (
				30639D60217DD2A00011ADB2 /* UtilTests.swift in Sources */,
				30747A152245027F002800A0 /* DatabaseTests.swift in Sources */,
				30C9557F217669EF008BBC51 /* FuelTests.swift in Sources */,
				304DBF4E21C7C00300265662 /* DatabaseManagerTests.swift in Sources */,
			);
			runOnlyForDeploymentPostprocessing = 0;
		};
/* End PBXSourcesBuildPhase section */

/* Begin PBXTargetDependency section */
		30A31EE621D3985200FBDA74 /* PBXTargetDependency */ = {
			isa = PBXTargetDependency;
			target = 3007B9E62175EA31002C4BEB /* FuelTracker */;
			targetProxy = 30A31EE521D3985200FBDA74 /* PBXContainerItemProxy */;
		};
		30C9557721766991008BBC51 /* PBXTargetDependency */ = {
			isa = PBXTargetDependency;
			target = 3007B9E62175EA31002C4BEB /* FuelTracker */;
			targetProxy = 30C9557621766991008BBC51 /* PBXContainerItemProxy */;
		};
/* End PBXTargetDependency section */

/* Begin PBXVariantGroup section */
		3007B9EE2175EA31002C4BEB /* Main.storyboard */ = {
			isa = PBXVariantGroup;
			children = (
				3007B9EF2175EA31002C4BEB /* Base */,
			);
			name = Main.storyboard;
			sourceTree = "<group>";
		};
		3007B9F32175EA35002C4BEB /* LaunchScreen.storyboard */ = {
			isa = PBXVariantGroup;
			children = (
				3007B9F42175EA35002C4BEB /* Base */,
			);
			name = LaunchScreen.storyboard;
			sourceTree = "<group>";
		};
/* End PBXVariantGroup section */

/* Begin XCBuildConfiguration section */
		3007BA0D2175EA35002C4BEB /* Debug */ = {
			isa = XCBuildConfiguration;
			buildSettings = {
				ALWAYS_SEARCH_USER_PATHS = NO;
				CLANG_ANALYZER_NONNULL = YES;
				CLANG_ANALYZER_NUMBER_OBJECT_CONVERSION = YES_AGGRESSIVE;
				CLANG_CXX_LANGUAGE_STANDARD = "gnu++14";
				CLANG_CXX_LIBRARY = "libc++";
				CLANG_ENABLE_MODULES = YES;
				CLANG_ENABLE_OBJC_ARC = YES;
				CLANG_ENABLE_OBJC_WEAK = YES;
				CLANG_WARN_BLOCK_CAPTURE_AUTORELEASING = YES;
				CLANG_WARN_BOOL_CONVERSION = YES;
				CLANG_WARN_COMMA = YES;
				CLANG_WARN_CONSTANT_CONVERSION = YES;
				CLANG_WARN_DEPRECATED_OBJC_IMPLEMENTATIONS = YES;
				CLANG_WARN_DIRECT_OBJC_ISA_USAGE = YES_ERROR;
				CLANG_WARN_DOCUMENTATION_COMMENTS = YES;
				CLANG_WARN_EMPTY_BODY = YES;
				CLANG_WARN_ENUM_CONVERSION = YES;
				CLANG_WARN_INFINITE_RECURSION = YES;
				CLANG_WARN_INT_CONVERSION = YES;
				CLANG_WARN_NON_LITERAL_NULL_CONVERSION = YES;
				CLANG_WARN_OBJC_IMPLICIT_RETAIN_SELF = YES;
				CLANG_WARN_OBJC_LITERAL_CONVERSION = YES;
				CLANG_WARN_OBJC_ROOT_CLASS = YES_ERROR;
				CLANG_WARN_RANGE_LOOP_ANALYSIS = YES;
				CLANG_WARN_STRICT_PROTOTYPES = YES;
				CLANG_WARN_SUSPICIOUS_MOVE = YES;
				CLANG_WARN_UNGUARDED_AVAILABILITY = YES_AGGRESSIVE;
				CLANG_WARN_UNREACHABLE_CODE = YES;
				CLANG_WARN__DUPLICATE_METHOD_MATCH = YES;
				CODE_SIGN_IDENTITY = "iPhone Developer";
				COPY_PHASE_STRIP = NO;
				DEBUG_INFORMATION_FORMAT = dwarf;
				ENABLE_STRICT_OBJC_MSGSEND = YES;
				ENABLE_TESTABILITY = YES;
				GCC_C_LANGUAGE_STANDARD = gnu11;
				GCC_DYNAMIC_NO_PIC = NO;
				GCC_NO_COMMON_BLOCKS = YES;
				GCC_OPTIMIZATION_LEVEL = 0;
				GCC_PREPROCESSOR_DEFINITIONS = (
					"DEBUG=1",
					"$(inherited)",
				);
				GCC_WARN_64_TO_32_BIT_CONVERSION = YES;
				GCC_WARN_ABOUT_RETURN_TYPE = YES_ERROR;
				GCC_WARN_UNDECLARED_SELECTOR = YES;
				GCC_WARN_UNINITIALIZED_AUTOS = YES_AGGRESSIVE;
				GCC_WARN_UNUSED_FUNCTION = YES;
				GCC_WARN_UNUSED_VARIABLE = YES;
				IPHONEOS_DEPLOYMENT_TARGET = 12.0;
				MTL_ENABLE_DEBUG_INFO = INCLUDE_SOURCE;
				MTL_FAST_MATH = YES;
				ONLY_ACTIVE_ARCH = YES;
				SDKROOT = iphoneos;
				SWIFT_ACTIVE_COMPILATION_CONDITIONS = DEBUG;
				SWIFT_OPTIMIZATION_LEVEL = "-Onone";
				SWIFT_VERSION = 4.2;
			};
			name = Debug;
		};
		3007BA0E2175EA35002C4BEB /* Release */ = {
			isa = XCBuildConfiguration;
			buildSettings = {
				ALWAYS_SEARCH_USER_PATHS = NO;
				CLANG_ANALYZER_NONNULL = YES;
				CLANG_ANALYZER_NUMBER_OBJECT_CONVERSION = YES_AGGRESSIVE;
				CLANG_CXX_LANGUAGE_STANDARD = "gnu++14";
				CLANG_CXX_LIBRARY = "libc++";
				CLANG_ENABLE_MODULES = YES;
				CLANG_ENABLE_OBJC_ARC = YES;
				CLANG_ENABLE_OBJC_WEAK = YES;
				CLANG_WARN_BLOCK_CAPTURE_AUTORELEASING = YES;
				CLANG_WARN_BOOL_CONVERSION = YES;
				CLANG_WARN_COMMA = YES;
				CLANG_WARN_CONSTANT_CONVERSION = YES;
				CLANG_WARN_DEPRECATED_OBJC_IMPLEMENTATIONS = YES;
				CLANG_WARN_DIRECT_OBJC_ISA_USAGE = YES_ERROR;
				CLANG_WARN_DOCUMENTATION_COMMENTS = YES;
				CLANG_WARN_EMPTY_BODY = YES;
				CLANG_WARN_ENUM_CONVERSION = YES;
				CLANG_WARN_INFINITE_RECURSION = YES;
				CLANG_WARN_INT_CONVERSION = YES;
				CLANG_WARN_NON_LITERAL_NULL_CONVERSION = YES;
				CLANG_WARN_OBJC_IMPLICIT_RETAIN_SELF = YES;
				CLANG_WARN_OBJC_LITERAL_CONVERSION = YES;
				CLANG_WARN_OBJC_ROOT_CLASS = YES_ERROR;
				CLANG_WARN_RANGE_LOOP_ANALYSIS = YES;
				CLANG_WARN_STRICT_PROTOTYPES = YES;
				CLANG_WARN_SUSPICIOUS_MOVE = YES;
				CLANG_WARN_UNGUARDED_AVAILABILITY = YES_AGGRESSIVE;
				CLANG_WARN_UNREACHABLE_CODE = YES;
				CLANG_WARN__DUPLICATE_METHOD_MATCH = YES;
				CODE_SIGN_IDENTITY = "iPhone Developer";
				COPY_PHASE_STRIP = NO;
				DEBUG_INFORMATION_FORMAT = "dwarf-with-dsym";
				ENABLE_NS_ASSERTIONS = NO;
				ENABLE_STRICT_OBJC_MSGSEND = YES;
				GCC_C_LANGUAGE_STANDARD = gnu11;
				GCC_NO_COMMON_BLOCKS = YES;
				GCC_WARN_64_TO_32_BIT_CONVERSION = YES;
				GCC_WARN_ABOUT_RETURN_TYPE = YES_ERROR;
				GCC_WARN_UNDECLARED_SELECTOR = YES;
				GCC_WARN_UNINITIALIZED_AUTOS = YES_AGGRESSIVE;
				GCC_WARN_UNUSED_FUNCTION = YES;
				GCC_WARN_UNUSED_VARIABLE = YES;
				IPHONEOS_DEPLOYMENT_TARGET = 12.0;
				MTL_ENABLE_DEBUG_INFO = NO;
				MTL_FAST_MATH = YES;
				SDKROOT = iphoneos;
				SWIFT_COMPILATION_MODE = wholemodule;
				SWIFT_OPTIMIZATION_LEVEL = "-O";
				SWIFT_VERSION = 4.2;
				VALIDATE_PRODUCT = YES;
			};
			name = Release;
		};
		3007BA102175EA35002C4BEB /* Debug */ = {
			isa = XCBuildConfiguration;
			baseConfigurationReference = 19DBE75C23EC7EA1B6A86DBF /* Pods-FuelTracker.debug.xcconfig */;
			buildSettings = {
				ASSETCATALOG_COMPILER_APPICON_NAME = AppIcon;
				CODE_SIGN_STYLE = Automatic;
				DEVELOPMENT_TEAM = ZAN22F267Y;
				INFOPLIST_FILE = FuelTracker/Info.plist;
				IPHONEOS_DEPLOYMENT_TARGET = 12.0;
				LD_RUNPATH_SEARCH_PATHS = (
					"$(inherited)",
					"@executable_path/Frameworks",
				);
				PRODUCT_BUNDLE_IDENTIFIER = com.DanielZanchi.FuelTracker;
				PRODUCT_NAME = "$(TARGET_NAME)";
				SWIFT_VERSION = 4.2;
				TARGETED_DEVICE_FAMILY = 1;
			};
			name = Debug;
		};
		3007BA112175EA35002C4BEB /* Release */ = {
			isa = XCBuildConfiguration;
			baseConfigurationReference = 96DB7E24E499947C23F35854 /* Pods-FuelTracker.release.xcconfig */;
			buildSettings = {
				ASSETCATALOG_COMPILER_APPICON_NAME = AppIcon;
				CODE_SIGN_STYLE = Automatic;
				DEVELOPMENT_TEAM = ZAN22F267Y;
				INFOPLIST_FILE = FuelTracker/Info.plist;
				IPHONEOS_DEPLOYMENT_TARGET = 12.0;
				LD_RUNPATH_SEARCH_PATHS = (
					"$(inherited)",
					"@executable_path/Frameworks",
				);
				PRODUCT_BUNDLE_IDENTIFIER = com.DanielZanchi.FuelTracker;
				PRODUCT_NAME = "$(TARGET_NAME)";
				SWIFT_VERSION = 4.2;
				TARGETED_DEVICE_FAMILY = 1;
			};
			name = Release;
		};
		30A31EE821D3985200FBDA74 /* Debug */ = {
			isa = XCBuildConfiguration;
			baseConfigurationReference = 79135A41ED022EF335929725 /* Pods-FuelTracker-FuelTrackerUITests.debug.xcconfig */;
			buildSettings = {
				BUNDLE_LOADER = "";
				CODE_SIGN_STYLE = Automatic;
				DEVELOPMENT_TEAM = ZAN22F267Y;
				INFOPLIST_FILE = FuelTrackerUITests/Info.plist;
				IPHONEOS_DEPLOYMENT_TARGET = 12.0;
				LD_RUNPATH_SEARCH_PATHS = (
					"$(inherited)",
					"@executable_path/Frameworks",
					"@loader_path/Frameworks",
				);
				PRODUCT_BUNDLE_IDENTIFIER = com.DanielZanchi.FuelTrackerUITests;
				PRODUCT_NAME = "$(TARGET_NAME)";
				SWIFT_VERSION = 4.2;
				TARGETED_DEVICE_FAMILY = "1,2";
				TEST_HOST = "";
				TEST_TARGET_NAME = FuelTracker;
			};
			name = Debug;
		};
		30A31EE921D3985200FBDA74 /* Release */ = {
			isa = XCBuildConfiguration;
			baseConfigurationReference = 21A84D9F8A35D98758850BE9 /* Pods-FuelTracker-FuelTrackerUITests.release.xcconfig */;
			buildSettings = {
				BUNDLE_LOADER = "";
				CODE_SIGN_STYLE = Automatic;
				DEVELOPMENT_TEAM = ZAN22F267Y;
				INFOPLIST_FILE = FuelTrackerUITests/Info.plist;
				IPHONEOS_DEPLOYMENT_TARGET = 12.0;
				LD_RUNPATH_SEARCH_PATHS = (
					"$(inherited)",
					"@executable_path/Frameworks",
					"@loader_path/Frameworks",
				);
				PRODUCT_BUNDLE_IDENTIFIER = com.DanielZanchi.FuelTrackerUITests;
				PRODUCT_NAME = "$(TARGET_NAME)";
				SWIFT_VERSION = 4.2;
				TARGETED_DEVICE_FAMILY = "1,2";
				TEST_HOST = "";
				TEST_TARGET_NAME = FuelTracker;
			};
			name = Release;
		};
		30C9557921766991008BBC51 /* Debug */ = {
			isa = XCBuildConfiguration;
			baseConfigurationReference = F4FA3050D23F86D11B684725 /* Pods-FuelTrackerTests.debug.xcconfig */;
			buildSettings = {
				BUNDLE_LOADER = "$(TEST_HOST)";
				CLANG_ENABLE_MODULES = YES;
				CODE_SIGN_STYLE = Automatic;
				DEVELOPMENT_TEAM = ZAN22F267Y;
				INFOPLIST_FILE = FuelTrackerTests/Info.plist;
				IPHONEOS_DEPLOYMENT_TARGET = 12.0;
				LD_RUNPATH_SEARCH_PATHS = (
					"$(inherited)",
					"@executable_path/Frameworks",
					"@loader_path/Frameworks",
				);
				PRODUCT_BUNDLE_IDENTIFIER = com.DanielZanchi.FuelTrackerTests;
				PRODUCT_NAME = "$(TARGET_NAME)";
				SWIFT_OBJC_BRIDGING_HEADER = "FuelTrackerTests/FuelTrackerTests-Bridging-Header.h";
				SWIFT_OPTIMIZATION_LEVEL = "-Onone";
				SWIFT_VERSION = 4.2;
				TARGETED_DEVICE_FAMILY = "1,2";
				TEST_HOST = "$(BUILT_PRODUCTS_DIR)/FuelTracker.app/FuelTracker";
			};
			name = Debug;
		};
		30C9557A21766991008BBC51 /* Release */ = {
			isa = XCBuildConfiguration;
			baseConfigurationReference = 44764592B224738B3D8392E9 /* Pods-FuelTrackerTests.release.xcconfig */;
			buildSettings = {
				BUNDLE_LOADER = "$(TEST_HOST)";
				CLANG_ENABLE_MODULES = YES;
				CODE_SIGN_STYLE = Automatic;
				DEVELOPMENT_TEAM = ZAN22F267Y;
				INFOPLIST_FILE = FuelTrackerTests/Info.plist;
				IPHONEOS_DEPLOYMENT_TARGET = 12.0;
				LD_RUNPATH_SEARCH_PATHS = (
					"$(inherited)",
					"@executable_path/Frameworks",
					"@loader_path/Frameworks",
				);
				PRODUCT_BUNDLE_IDENTIFIER = com.DanielZanchi.FuelTrackerTests;
				PRODUCT_NAME = "$(TARGET_NAME)";
				SWIFT_OBJC_BRIDGING_HEADER = "FuelTrackerTests/FuelTrackerTests-Bridging-Header.h";
				SWIFT_VERSION = 4.2;
				TARGETED_DEVICE_FAMILY = "1,2";
				TEST_HOST = "$(BUILT_PRODUCTS_DIR)/FuelTracker.app/FuelTracker";
			};
			name = Release;
		};
/* End XCBuildConfiguration section */

/* Begin XCConfigurationList section */
		3007B9E22175EA31002C4BEB /* Build configuration list for PBXProject "FuelTracker" */ = {
			isa = XCConfigurationList;
			buildConfigurations = (
				3007BA0D2175EA35002C4BEB /* Debug */,
				3007BA0E2175EA35002C4BEB /* Release */,
			);
			defaultConfigurationIsVisible = 0;
			defaultConfigurationName = Release;
		};
		3007BA0F2175EA35002C4BEB /* Build configuration list for PBXNativeTarget "FuelTracker" */ = {
			isa = XCConfigurationList;
			buildConfigurations = (
				3007BA102175EA35002C4BEB /* Debug */,
				3007BA112175EA35002C4BEB /* Release */,
			);
			defaultConfigurationIsVisible = 0;
			defaultConfigurationName = Release;
		};
		30A31EE721D3985200FBDA74 /* Build configuration list for PBXNativeTarget "FuelTrackerUITests" */ = {
			isa = XCConfigurationList;
			buildConfigurations = (
				30A31EE821D3985200FBDA74 /* Debug */,
				30A31EE921D3985200FBDA74 /* Release */,
			);
			defaultConfigurationIsVisible = 0;
			defaultConfigurationName = Release;
		};
		30C9557821766991008BBC51 /* Build configuration list for PBXNativeTarget "FuelTrackerTests" */ = {
			isa = XCConfigurationList;
			buildConfigurations = (
				30C9557921766991008BBC51 /* Debug */,
				30C9557A21766991008BBC51 /* Release */,
			);
			defaultConfigurationIsVisible = 0;
			defaultConfigurationName = Release;
		};
/* End XCConfigurationList section */
	};
	rootObject = 3007B9DF2175EA31002C4BEB /* Project object */;
}
